
Microsoft Visual Studio Solution File, Format Version 12.00
# Visual Studio Version 17
VisualStudioVersion = 17.1.32421.90
MinimumVisualStudioVersion = 10.0.40219.1
Project("{9A19103F-16F7-4668-BE54-9A1E7A4F7556}") = "LB_HelpDesk", "LB_HelpDesk\LB_HelpDesk.csproj", "{3FA36AAE-3FEE-4A8A-BFFF-C286C83F1612}"
EndProject
Global
	GlobalSection(SolutionConfigurationPlatforms) = preSolution
		Debug|Any CPU = Debug|Any CPU
		Release|Any CPU = Release|Any CPU
	EndGlobalSection
	GlobalSection(ProjectConfigurationPlatforms) = postSolution
		{3FA36AAE-3FEE-4A8A-BFFF-C286C83F1612}.Debug|Any CPU.ActiveCfg = Debug|Any CPU
		{3FA36AAE-3FEE-4A8A-BFFF-C286C83F1612}.Debug|Any CPU.Build.0 = Debug|Any CPU
		{3FA36AAE-3FEE-4A8A-BFFF-C286C83F1612}.Release|Any CPU.ActiveCfg = Release|Any CPU
		{3FA36AAE-3FEE-4A8A-BFFF-C286C83F1612}.Release|Any CPU.Build.0 = Release|Any CPU
	EndGlobalSection
	GlobalSection(SolutionProperties) = preSolution
		HideSolutionNode = FALSE
	EndGlobalSection
	GlobalSection(ExtensibilityGlobals) = postSolution
		SolutionGuid = {593C05FC-1C76-4B71-B5B0-DBA42C81C370}
	EndGlobalSection
EndGlobal
